
Microsoft Visual Studio Solution File, Format Version 12.00
# Visual Studio Version 17
VisualStudioVersion = 17.13.35931.197
MinimumVisualStudioVersion = 10.0.40219.1
Project("{FAE04EC0-301F-11D3-BF4B-00C04F79EFBC}") = "ProductBlazorApp1", "ProductBlazorApp1\ProductBlazorApp1.csproj", "{3B834FE2-5979-428D-9500-6494057F9EAA}"
EndProject
Global
	GlobalSection(SolutionConfigurationPlatforms) = preSolution
		Debug|Any CPU = Debug|Any CPU
		Release|Any CPU = Release|Any CPU
	EndGlobalSection
	GlobalSection(ProjectConfigurationPlatforms) = postSolution
		{3B834FE2-5979-428D-9500-6494057F9EAA}.Debug|Any CPU.ActiveCfg = Debug|Any CPU
		{3B834FE2-5979-428D-9500-6494057F9EAA}.Debug|Any CPU.Build.0 = Debug|Any CPU
		{3B834FE2-5979-428D-9500-6494057F9EAA}.Release|Any CPU.ActiveCfg = Release|Any CPU
		{3B834FE2-5979-428D-9500-6494057F9EAA}.Release|Any CPU.Build.0 = Release|Any CPU
	EndGlobalSection
	GlobalSection(SolutionProperties) = preSolution
		HideSolutionNode = FALSE
	EndGlobalSection
	GlobalSection(ExtensibilityGlobals) = postSolution
		SolutionGuid = {F94CC586-ADBB-45B6-B2DF-802EEC1FD138}
	EndGlobalSection
EndGlobal
